<?xml version="1.0" encoding="utf-8"?>
<Project ToolsVersion="4.0" xmlns="http://schemas.microsoft.com/developer/msbuild/2003">
  <ItemGroup>
    <Filter Include="Source Files">
      <UniqueIdentifier>{4FC737F1-C7A5-4376-A066-2A32D752A2FF}</UniqueIdentifier>
      <Extensions>cpp;c;cc;cxx;def;odl;idl;hpj;bat;asm;asmx</Extensions>
    </Filter>
    <Filter Include="Header Files">
      <UniqueIdentifier>{93995380-89BD-4b04-88EB-625FBE52EBFB}</UniqueIdentifier>
      <Extensions>h;hh;hpp;hxx;hm;inl;inc;ipp;xsd</Extensions>
    </Filter>
    <Filter Include="Resource Files">
      <UniqueIdentifier>{67DA6AB6-F800-4c08-8B7A-83BB121AAD01}</UniqueIdentifier>
      <Extensions>rc;ico;cur;bmp;dlg;rc2;rct;bin;rgs;gif;jpg;jpeg;jpe;resx;tiff;tif;png;wav;mfcribbon-ms</Extensions>
    </Filter>
  </ItemGroup>
  <ItemGroup>
    <ClCompile Include="Src\Application.cpp">
      <Filter>Source Files</Filter>
    </ClCompile>
    <ClCompile Include="Src\glad.c">
      <Filter>Source Files</Filter>
    </ClCompile>
    <ClCompile Include="src\Lessons\HelloTriangle\HelloTriangle.cpp">
      <Filter>Source Files</Filter>
    </ClCompile>
    <ClCompile Include="src\Lessons\HelloTriangle\Exercises\Ex1\HelloTriangleEx1.cpp">
      <Filter>Source Files</Filter>
    </ClCompile>
    <ClCompile Include="src\Lessons\HelloTriangle\Exercises\Ex2\HelloTriangleEx2.cpp">
      <Filter>Source Files</Filter>
    </ClCompile>
    <ClCompile Include="src\Lessons\HelloTriangle\Exercises\Ex3\HelloTriangleEx3.cpp">
      <Filter>Source Files</Filter>
    </ClCompile>
    <ClCompile Include="src\OpenGLUtils\UtilClasses\Shader.cpp">
      <Filter>Source Files</Filter>
    </ClCompile>
    <ClCompile Include="src\Lessons\Shaders\ShaderLesson.cpp">
      <Filter>Source Files</Filter>
    </ClCompile>
    <ClCompile Include="src\Lessons\Shaders\Exercises\Ex1\ShaderLessonEx1.cpp">
      <Filter>Source Files</Filter>
    </ClCompile>
    <ClCompile Include="src\Lessons\Shaders\Exercises\Ex2\ShaderLessonEx2.cpp">
      <Filter>Source Files</Filter>
    </ClCompile>
    <ClCompile Include="src\Lessons\Shaders\Exercises\Ex3\ShaderLessonEx3.cpp">
      <Filter>Source Files</Filter>
    </ClCompile>
    <ClCompile Include="src\Lessons\Textures\TexturesLesson.cpp">
      <Filter>Source Files</Filter>
    </ClCompile>
    <ClCompile Include="src\stb_Image_Implementation\stb_image.cpp">
      <Filter>Source Files</Filter>
    </ClCompile>
    <ClCompile Include="src\Lessons\TransformationsLesson\TransformationsLesson.cpp">
      <Filter>Source Files</Filter>
    </ClCompile>
    <ClCompile Include="src\Lessons\CoordinateSystems\CoordinateSystems.cpp">
      <Filter>Source Files</Filter>
    </ClCompile>
    <ClCompile Include="src\OpenGLUtils\Shapes\Cube.cpp">
      <Filter>Source Files</Filter>
    </ClCompile>
    <ClCompile Include="src\Lessons\CameraLesson\CameraLesson.cpp">
      <Filter>Source Files</Filter>
    </ClCompile>
    <ClCompile Include="src\OpenGLUtils\UtilFunctions\CallBackFunctions.cpp">
      <Filter>Source Files</Filter>
    </ClCompile>
    <ClCompile Include="src\OpenGLUtils\UtilFunctions\OpenGLHelpers.cpp">
      <Filter>Source Files</Filter>
    </ClCompile>
    <ClCompile Include="src\OpenGLUtils\UtilFunctions\stb_Image_helpers.cpp">
      <Filter>Source Files</Filter>
    </ClCompile>
    <ClCompile Include="src\OpenGLUtils\UtilFunctions\Input.cpp">
      <Filter>Source Files</Filter>
    </ClCompile>
    <ClCompile Include="src\OpenGLUtils\UtilClasses\Cameras\Camera.cpp">
      <Filter>Source Files</Filter>
    </ClCompile>
    <ClCompile Include="src\OpenGLUtils\UtilClasses\Cameras\FlyingFPSCamera.cpp">
      <Filter>Source Files</Filter>
    </ClCompile>
    <ClCompile Include="src\OpenGLUtils\UtilClasses\Cameras\FlyingCamera.cpp">
      <Filter>Source Files</Filter>
    </ClCompile>
    <ClCompile Include="src\Lessons\Lighting\SimpleColor\SimpleColorLighting.cpp">
      <Filter>Source Files</Filter>
    </ClCompile>
    <ClCompile Include="src\OpenGLUtils\UtilClasses\callBackWrappers\MouseGLCallbackWrapper.cpp">
      <Filter>Source Files</Filter>
    </ClCompile>
    <ClCompile Include="src\Lessons\Lighting\PhongLightingLesson.cpp">
      <Filter>Source Files</Filter>
    </ClCompile>
  </ItemGroup>
  <ItemGroup>
    <ClInclude Include="src\allLessons.h">
      <Filter>Header Files</Filter>
    </ClInclude>
    <ClInclude Include="src\Lessons\HelloTriangle\HelloTriangle.h">
      <Filter>Header Files</Filter>
    </ClInclude>
    <ClInclude Include="src\OpenGLUtils\OpenGLUtils.h">
      <Filter>Header Files</Filter>
    </ClInclude>
    <ClInclude Include="src\OpenGLUtils\UtilClasses\Shader.h">
      <Filter>Header Files</Filter>
    </ClInclude>
    <ClInclude Include="src\Lessons\Shaders\ShaderLesson.h">
      <Filter>Header Files</Filter>
    </ClInclude>
    <ClInclude Include="src\Lessons\Textures\TexturesLesson.h">
      <Filter>Header Files</Filter>
    </ClInclude>
    <ClInclude Include="src\OpenGLUtils\Includes\OpenGLIncludeHeaders.h">
      <Filter>Header Files</Filter>
    </ClInclude>
    <ClInclude Include="src\OpenGLUtils\Includes\stb_image_include.h">
      <Filter>Header Files</Filter>
    </ClInclude>
    <ClInclude Include="src\Lessons\TransformationsLesson\TransformationsLesson.h">
      <Filter>Header Files</Filter>
    </ClInclude>
    <ClInclude Include="src\Lessons\CoordinateSystems\CoordinateSystems.h">
      <Filter>Header Files</Filter>
    </ClInclude>
    <ClInclude Include="src\OpenGLUtils\Shapes\Cube.h">
      <Filter>Header Files</Filter>
    </ClInclude>
    <ClInclude Include="src\Lessons\CameraLesson\CameraLesson.h">
      <Filter>Header Files</Filter>
    </ClInclude>
    <ClInclude Include="src\OpenGLUtils\UtilFunctions\CallBackFunctions.h">
      <Filter>Header Files</Filter>
    </ClInclude>
    <ClInclude Include="src\OpenGLUtils\UtilFunctions\OpenGLHelpers.h">
      <Filter>Header Files</Filter>
    </ClInclude>
    <ClInclude Include="src\OpenGLUtils\UtilFunctions\stb_Image_helpers.h">
      <Filter>Header Files</Filter>
    </ClInclude>
    <ClInclude Include="src\OpenGLUtils\UtilFunctions\Input.h">
      <Filter>Header Files</Filter>
    </ClInclude>
    <ClInclude Include="src\OpenGLUtils\UtilClasses\Cameras\Camera.h">
      <Filter>Header Files</Filter>
    </ClInclude>
    <ClInclude Include="src\OpenGLUtils\UtilClasses\Cameras\FlyingFPSCamera.h">
      <Filter>Header Files</Filter>
    </ClInclude>
    <ClInclude Include="src\OpenGLUtils\UtilClasses\Cameras\FlyingCamera.h">
      <Filter>Header Files</Filter>
    </ClInclude>
    <ClInclude Include="src\Lessons\Lighting\SimpleColor\SimpleColorLighting.h">
      <Filter>Header Files</Filter>
    </ClInclude>
    <ClInclude Include="src\OpenGLUtils\UtilClasses\callBackWrappers\MouseGLCallbackWrapper.h">
      <Filter>Header Files</Filter>
    </ClInclude>
    <ClInclude Include="src\Lessons\Lighting\PhongLightingLesson.h">
      <Filter>Header Files</Filter>
    </ClInclude>
    <ClInclude Include="src\OpenGLUtils\UtilClasses\Event\Event.h">
      <Filter>Header Files</Filter>
    </ClInclude>
  </ItemGroup>
  <ItemGroup>
    <None Include="res\shaders\DefaultShader\BasicShader.vert" />
    <None Include="res\shaders\BasicShaders\BasicYellowShader.frag" />
    <None Include="res\shaders\BasicShaders\BasicUniforms.frag" />
    <None Include="res\shaders\BasicShaders\HorizontalOffset.vert" />
    <None Include="res\shaders\BasicShaders\VertexColorShader.frag" />
    <None Include="res\shaders\BasicShaders\UpsideDown.vert" />
    <None Include="res\shaders\BasicShaders\VertexColorShader.vert" />
    <None Include="res\shaders\BasicShaders\VertexPositionColor.vert" />
    <None Include="res\shaders\DefaultShader\DefaultShader.frag" />
    <None Include="res\shaders\BasicShaders\SimpleTexture.vert" />
    <None Include="res\shaders\BasicShaders\SimpleTexture.frag" />
    <None Include="res\shaders\BasicShaders\TransformationShaders\TransformationShader.frag" />
    <None Include="res\shaders\BasicShaders\TransformationShaders\TransformationShader.vert" />
    <None Include="res\shaders\BasicShaders\TransformationShaders\MVP.vert" />
    <None Include="res\shaders\Lighting\SimpleLightSource.frag" />
    <None Include="res\shaders\Lighting\SimpleColorLighting.frag" />
    <None Include="res\shaders\Lighting\SimpleColorLighting.vert" />
    <None Include="res\shaders\Lighting\SimpleLightSource.vert" />
    <None Include="res\shaders\Lighting\Phong\PhongShadingWorld.frag" />
    <None Include="res\shaders\Lighting\Phong\PhongShadingWorld.vert" />
    <None Include="res\shaders\Lighting\Phong\PhongShadingView.frag" />
    <None Include="res\shaders\Lighting\Phong\PhongShadingView.vert" />
  </ItemGroup>
</Project>